// !$*UTF8*$!
{
	archiveVersion = 1;
	classes = {
	};
	objectVersion = 46;
	objects = {

/* Begin PBXBuildFile section */
		8309A4E31A7C9C440070A39C /* AppDelegate.swift in Sources */ = {isa = PBXBuildFile; fileRef = 8309A4E21A7C9C440070A39C /* AppDelegate.swift */; };
		8309A4E51A7C9C440070A39C /* ViewController.swift in Sources */ = {isa = PBXBuildFile; fileRef = 8309A4E41A7C9C440070A39C /* ViewController.swift */; };
		8309A4E81A7C9C440070A39C /* Main.storyboard in Resources */ = {isa = PBXBuildFile; fileRef = 8309A4E61A7C9C440070A39C /* Main.storyboard */; };
		8309A4EA1A7C9C440070A39C /* Images.xcassets in Resources */ = {isa = PBXBuildFile; fileRef = 8309A4E91A7C9C440070A39C /* Images.xcassets */; };
		8309A4ED1A7C9C440070A39C /* LaunchScreen.xib in Resources */ = {isa = PBXBuildFile; fileRef = 8309A4EB1A7C9C440070A39C /* LaunchScreen.xib */; };
		8309A4F91A7C9C440070A39C /* SportsBest_testTests.swift in Sources */ = {isa = PBXBuildFile; fileRef = 8309A4F81A7C9C440070A39C /* SportsBest_testTests.swift */; };
/* End PBXBuildFile section */

/* Begin PBXContainerItemProxy section */
		8309A4F31A7C9C440070A39C /* PBXContainerItemProxy */ = {
			isa = PBXContainerItemProxy;
			containerPortal = 8309A4D51A7C9C440070A39C /* Project object */;
			proxyType = 1;
			remoteGlobalIDString = 8309A4DC1A7C9C440070A39C;
			remoteInfo = "SportsBest test";
		};
/* End PBXContainerItemProxy section */

/* Begin PBXFileReference section */
		8309A4DD1A7C9C440070A39C /* SportsBest test.app */ = {isa = PBXFileReference; explicitFileType = wrapper.application; includeInIndex = 0; path = "SportsBest test.app"; sourceTree = BUILT_PRODUCTS_DIR; };
		8309A4E11A7C9C440070A39C /* Info.plist */ = {isa = PBXFileReference; lastKnownFileType = text.plist.xml; path = Info.plist; sourceTree = "<group>"; };
		8309A4E21A7C9C440070A39C /* AppDelegate.swift */ = {isa = PBXFileReference; lastKnownFileType = sourcecode.swift; path = AppDelegate.swift; sourceTree = "<group>"; };
		8309A4E41A7C9C440070A39C /* ViewController.swift */ = {isa = PBXFileReference; lastKnownFileType = sourcecode.swift; path = ViewController.swift; sourceTree = "<group>"; };
		8309A4E71A7C9C440070A39C /* Base */ = {isa = PBXFileReference; lastKnownFileType = file.storyboard; name = Base; path = Base.lproj/Main.storyboard; sourceTree = "<group>"; };
		8309A4E91A7C9C440070A39C /* Images.xcassets */ = {isa = PBXFileReference; lastKnownFileType = folder.assetcatalog; path = Images.xcassets; sourceTree = "<group>"; };
		8309A4EC1A7C9C440070A39C /* Base */ = {isa = PBXFileReference; lastKnownFileType = file.xib; name = Base; path = Base.lproj/LaunchScreen.xib; sourceTree = "<group>"; };
		8309A4F21A7C9C440070A39C /* SportsBest testTests.xctest */ = {isa = PBXFileReference; explicitFileType = wrapper.cfbundle; includeInIndex = 0; path = "SportsBest testTests.xctest"; sourceTree = BUILT_PRODUCTS_DIR; };
		8309A4F71A7C9C440070A39C /* Info.plist */ = {isa = PBXFileReference; lastKnownFileType = text.plist.xml; path = Info.plist; sourceTree = "<group>"; };
		8309A4F81A7C9C440070A39C /* SportsBest_testTests.swift */ = {isa = PBXFileReference; lastKnownFileType = sourcecode.swift; path = SportsBest_testTests.swift; sourceTree = "<group>"; };
/* End PBXFileReference section */

/* Begin PBXFrameworksBuildPhase section */
		8309A4DA1A7C9C440070A39C /* Frameworks */ = {
			isa = PBXFrameworksBuildPhase;
			buildActionMask = 2147483647;
			files = (
			);
			runOnlyForDeploymentPostprocessing = 0;
		};
		8309A4EF1A7C9C440070A39C /* Frameworks */ = {
			isa = PBXFrameworksBuildPhase;
			buildActionMask = 2147483647;
			files = (
			);
			runOnlyForDeploymentPostprocessing = 0;
		};
/* End PBXFrameworksBuildPhase section */

/* Begin PBXGroup section */
		8309A4D41A7C9C440070A39C = {
			isa = PBXGroup;
			children = (
				8309A4DF1A7C9C440070A39C /* SportsBest test */,
				8309A4F51A7C9C440070A39C /* SportsBest testTests */,
				8309A4DE1A7C9C440070A39C /* Products */,
			);
			sourceTree = "<group>";
		};
		8309A4DE1A7C9C440070A39C /* Products */ = {
			isa = PBXGroup;
			children = (
				8309A4DD1A7C9C440070A39C /* SportsBest test.app */,
				8309A4F21A7C9C440070A39C /* SportsBest testTests.xctest */,
			);
			name = Products;
			sourceTree = "<group>";
		};
		8309A4DF1A7C9C440070A39C /* SportsBest test */ = {
			isa = PBXGroup;
			children = (
				8309A4E21A7C9C440070A39C /* AppDelegate.swift */,
				8309A4E41A7C9C440070A39C /* ViewController.swift */,
				8309A4E61A7C9C440070A39C /* Main.storyboard */,
				8309A4E91A7C9C440070A39C /* Images.xcassets */,
				8309A4EB1A7C9C440070A39C /* LaunchScreen.xib */,
				8309A4E01A7C9C440070A39C /* Supporting Files */,
			);
			path = "SportsBest test";
			sourceTree = "<group>";
		};
		8309A4E01A7C9C440070A39C /* Supporting Files */ = {
			isa = PBXGroup;
			children = (
				8309A4E11A7C9C440070A39C /* Info.plist */,
			);
			name = "Supporting Files";
			sourceTree = "<group>";
		};
		8309A4F51A7C9C440070A39C /* SportsBest testTests */ = {
			isa = PBXGroup;
			children = (
				8309A4F81A7C9C440070A39C /* SportsBest_testTests.swift */,
				8309A4F61A7C9C440070A39C /* Supporting Files */,
			);
			path = "SportsBest testTests";
			sourceTree = "<group>";
		};
		8309A4F61A7C9C440070A39C /* Supporting Files */ = {
			isa = PBXGroup;
			children = (
				8309A4F71A7C9C440070A39C /* Info.plist */,
			);
			name = "Supporting Files";
			sourceTree = "<group>";
		};
/* End PBXGroup section */

/* Begin PBXNativeTarget section */
		8309A4DC1A7C9C440070A39C /* SportsBest test */ = {
			isa = PBXNativeTarget;
			buildConfigurationList = 8309A4FC1A7C9C440070A39C /* Build configuration list for PBXNativeTarget "SportsBest test" */;
			buildPhases = (
				8309A4D91A7C9C440070A39C /* Sources */,
				8309A4DA1A7C9C440070A39C /* Frameworks */,
				8309A4DB1A7C9C440070A39C /* Resources */,
			);
			buildRules = (
			);
			dependencies = (
			);
			name = "SportsBest test";
			productName = "SportsBest test";
			productReference = 8309A4DD1A7C9C440070A39C /* SportsBest test.app */;
			productType = "com.apple.product-type.application";
		};
		8309A4F11A7C9C440070A39C /* SportsBest testTests */ = {
			isa = PBXNativeTarget;
			buildConfigurationList = 8309A4FF1A7C9C440070A39C /* Build configuration list for PBXNativeTarget "SportsBest testTests" */;
			buildPhases = (
				8309A4EE1A7C9C440070A39C /* Sources */,
				8309A4EF1A7C9C440070A39C /* Frameworks */,
				8309A4F01A7C9C440070A39C /* Resources */,
			);
			buildRules = (
			);
			dependencies = (
				8309A4F41A7C9C440070A39C /* PBXTargetDependency */,
			);
			name = "SportsBest testTests";
			productName = "SportsBest testTests";
			productReference = 8309A4F21A7C9C440070A39C /* SportsBest testTests.xctest */;
			productType = "com.apple.product-type.bundle.unit-test";
		};
/* End PBXNativeTarget section */

/* Begin PBXProject section */
		8309A4D51A7C9C440070A39C /* Project object */ = {
			isa = PBXProject;
			attributes = {
				LastUpgradeCheck = 0610;
				ORGANIZATIONNAME = "Christopher Lang";
				TargetAttributes = {
					8309A4DC1A7C9C440070A39C = {
						CreatedOnToolsVersion = 6.1.1;
					};
					8309A4F11A7C9C440070A39C = {
						CreatedOnToolsVersion = 6.1.1;
						TestTargetID = 8309A4DC1A7C9C440070A39C;
					};
				};
			};
			buildConfigurationList = 8309A4D81A7C9C440070A39C /* Build configuration list for PBXProject "SportsBest test" */;
			compatibilityVersion = "Xcode 3.2";
			developmentRegion = English;
			hasScannedForEncodings = 0;
			knownRegions = (
				en,
				Base,
			);
			mainGroup = 8309A4D41A7C9C440070A39C;
			productRefGroup = 8309A4DE1A7C9C440070A39C /* Products */;
			projectDirPath = "";
			projectRoot = "";
			targets = (
				8309A4DC1A7C9C440070A39C /* SportsBest test */,
				8309A4F11A7C9C440070A39C /* SportsBest testTests */,
			);
		};
/* End PBXProject section */

/* Begin PBXResourcesBuildPhase section */
		8309A4DB1A7C9C440070A39C /* Resources */ = {
			isa = PBXResourcesBuildPhase;
			buildActionMask = 2147483647;
			files = (
				8309A4E81A7C9C440070A39C /* Main.storyboard in Resources */,
				8309A4ED1A7C9C440070A39C /* LaunchScreen.xib in Resources */,
				8309A4EA1A7C9C440070A39C /* Images.xcassets in Resources */,
			);
			runOnlyForDeploymentPostprocessing = 0;
		};
		8309A4F01A7C9C440070A39C /* Resources */ = {
			isa = PBXResourcesBuildPhase;
			buildActionMask = 2147483647;
			files = (
			);
			runOnlyForDeploymentPostprocessing = 0;
		};
/* End PBXResourcesBuildPhase section */

/* Begin PBXSourcesBuildPhase section */
		8309A4D91A7C9C440070A39C /* Sources */ = {
			isa = PBXSourcesBuildPhase;
			buildActionMask = 2147483647;
			files = (
				8309A4E51A7C9C440070A39C /* ViewController.swift in Sources */,
				8309A4E31A7C9C440070A39C /* AppDelegate.swift in Sources */,
			);
			runOnlyForDeploymentPostprocessing = 0;
		};
		8309A4EE1A7C9C440070A39C /* Sources */ = {
			isa = PBXSourcesBuildPhase;
			buildActionMask = 2147483647;
			files = (
				8309A4F91A7C9C440070A39C /* SportsBest_testTests.swift in Sources */,
			);
			runOnlyForDeploymentPostprocessing = 0;
		};
/* End PBXSourcesBuildPhase section */

/* Begin PBXTargetDependency section */
		8309A4F41A7C9C440070A39C /* PBXTargetDependency */ = {
			isa = PBXTargetDependency;
			target = 8309A4DC1A7C9C440070A39C /* SportsBest test */;
			targetProxy = 8309A4F31A7C9C440070A39C /* PBXContainerItemProxy */;
		};
/* End PBXTargetDependency section */

/* Begin PBXVariantGroup section */
		8309A4E61A7C9C440070A39C /* Main.storyboard */ = {
			isa = PBXVariantGroup;
			children = (
				8309A4E71A7C9C440070A39C /* Base */,
			);
			name = Main.storyboard;
			sourceTree = "<group>";
		};
		8309A4EB1A7C9C440070A39C /* LaunchScreen.xib */ = {
			isa = PBXVariantGroup;
			children = (
				8309A4EC1A7C9C440070A39C /* Base */,
			);
			name = LaunchScreen.xib;
			sourceTree = "<group>";
		};
/* End PBXVariantGroup section */

/* Begin XCBuildConfiguration section */
		8309A4FA1A7C9C440070A39C /* Debug */ = {
			isa = XCBuildConfiguration;
			buildSettings = {
				ALWAYS_SEARCH_USER_PATHS = NO;
				CLANG_CXX_LANGUAGE_STANDARD = "gnu++0x";
				CLANG_CXX_LIBRARY = "libc++";
				CLANG_ENABLE_MODULES = YES;
				CLANG_ENABLE_OBJC_ARC = YES;
				CLANG_WARN_BOOL_CONVERSION = YES;
				CLANG_WARN_CONSTANT_CONVERSION = YES;
				CLANG_WARN_DIRECT_OBJC_ISA_USAGE = YES_ERROR;
				CLANG_WARN_EMPTY_BODY = YES;
				CLANG_WARN_ENUM_CONVERSION = YES;
				CLANG_WARN_INT_CONVERSION = YES;
				CLANG_WARN_OBJC_ROOT_CLASS = YES_ERROR;
				CLANG_WARN_UNREACHABLE_CODE = YES;
				CLANG_WARN__DUPLICATE_METHOD_MATCH = YES;
				"CODE_SIGN_IDENTITY[sdk=iphoneos*]" = "iPhone Developer";
				COPY_PHASE_STRIP = NO;
				ENABLE_STRICT_OBJC_MSGSEND = YES;
				GCC_C_LANGUAGE_STANDARD = gnu99;
				GCC_DYNAMIC_NO_PIC = NO;
				GCC_OPTIMIZATION_LEVEL = 0;
				GCC_PREPROCESSOR_DEFINITIONS = (
					"DEBUG=1",
					"$(inherited)",
				);
				GCC_SYMBOLS_PRIVATE_EXTERN = NO;
				GCC_WARN_64_TO_32_BIT_CONVERSION = YES;
				GCC_WARN_ABOUT_RETURN_TYPE = YES_ERROR;
				GCC_WARN_UNDECLARED_SELECTOR = YES;
				GCC_WARN_UNINITIALIZED_AUTOS = YES_AGGRESSIVE;
				GCC_WARN_UNUSED_FUNCTION = YES;
				GCC_WARN_UNUSED_VARIABLE = YES;
				IPHONEOS_DEPLOYMENT_TARGET = 8.1;
				MTL_ENABLE_DEBUG_INFO = YES;
				ONLY_ACTIVE_ARCH = YES;
				SDKROOT = iphoneos;
				SWIFT_OPTIMIZATION_LEVEL = "-Onone";
				TARGETED_DEVICE_FAMILY = "1,2";
			};
			name = Debug;
		};
		8309A4FB1A7C9C440070A39C /* Release */ = {
			isa = XCBuildConfiguration;
			buildSettings = {
				ALWAYS_SEARCH_USER_PATHS = NO;
				CLANG_CXX_LANGUAGE_STANDARD = "gnu++0x";
				CLANG_CXX_LIBRARY = "libc++";
				CLANG_ENABLE_MODULES = YES;
				CLANG_ENABLE_OBJC_ARC = YES;
				CLANG_WARN_BOOL_CONVERSION = YES;
				CLANG_WARN_CONSTANT_CONVERSION = YES;
				CLANG_WARN_DIRECT_OBJC_ISA_USAGE = YES_ERROR;
				CLANG_WARN_EMPTY_BODY = YES;
				CLANG_WARN_ENUM_CONVERSION = YES;
				CLANG_WARN_INT_CONVERSION = YES;
				CLANG_WARN_OBJC_ROOT_CLASS = YES_ERROR;
				CLANG_WARN_UNREACHABLE_CODE = YES;
				CLANG_WARN__DUPLICATE_METHOD_MATCH = YES;
				"CODE_SIGN_IDENTITY[sdk=iphoneos*]" = "iPhone Developer";
				COPY_PHASE_STRIP = YES;
				ENABLE_NS_ASSERTIONS = NO;
				ENABLE_STRICT_OBJC_MSGSEND = YES;
				GCC_C_LANGUAGE_STANDARD = gnu99;
				GCC_WARN_64_TO_32_BIT_CONVERSION = YES;
				GCC_WARN_ABOUT_RETURN_TYPE = YES_ERROR;
				GCC_WARN_UNDECLARED_SELECTOR = YES;
				GCC_WARN_UNINITIALIZED_AUTOS = YES_AGGRESSIVE;
				GCC_WARN_UNUSED_FUNCTION = YES;
				GCC_WARN_UNUSED_VARIABLE = YES;
				IPHONEOS_DEPLOYMENT_TARGET = 8.1;
				MTL_ENABLE_DEBUG_INFO = NO;
				SDKROOT = iphoneos;
				TARGETED_DEVICE_FAMILY = "1,2";
				VALIDATE_PRODUCT = YES;
			};
			name = Release;
		};
		8309A4FD1A7C9C440070A39C /* Debug */ = {
			isa = XCBuildConfiguration;
			buildSettings = {
				ASSETCATALOG_COMPILER_APPICON_NAME = AppIcon;
				INFOPLIST_FILE = "SportsBest test/Info.plist";
				LD_RUNPATH_SEARCH_PATHS = "$(inherited) @executable_path/Frameworks";
				PRODUCT_NAME = "$(TARGET_NAME)";
			};
			name = Debug;
		};
		8309A4FE1A7C9C440070A39C /* Release */ = {
			isa = XCBuildConfiguration;
			buildSettings = {
				ASSETCATALOG_COMPILER_APPICON_NAME = AppIcon;
				INFOPLIST_FILE = "SportsBest test/Info.plist";
				LD_RUNPATH_SEARCH_PATHS = "$(inherited) @executable_path/Frameworks";
				PRODUCT_NAME = "$(TARGET_NAME)";
			};
			name = Release;
		};
		8309A5001A7C9C440070A39C /* Debug */ = {
			isa = XCBuildConfiguration;
			buildSettings = {
				BUNDLE_LOADER = "$(TEST_HOST)";
				FRAMEWORK_SEARCH_PATHS = (
					"$(SDKROOT)/Developer/Library/Frameworks",
					"$(inherited)",
				);
				GCC_PREPROCESSOR_DEFINITIONS = (
					"DEBUG=1",
					"$(inherited)",
				);
				INFOPLIST_FILE = "SportsBest testTests/Info.plist";
				LD_RUNPATH_SEARCH_PATHS = "$(inherited) @executable_path/Frameworks @loader_path/Frameworks";
				PRODUCT_NAME = "$(TARGET_NAME)";
				TEST_HOST = "$(BUILT_PRODUCTS_DIR)/SportsBest test.app/SportsBest test";
			};
			name = Debug;
		};
		8309A5011A7C9C440070A39C /* Release */ = {
			isa = XCBuildConfiguration;
			buildSettings = {
				BUNDLE_LOADER = "$(TEST_HOST)";
				FRAMEWORK_SEARCH_PATHS = (
					"$(SDKROOT)/Developer/Library/Frameworks",
					"$(inherited)",
				);
				INFOPLIST_FILE = "SportsBest testTests/Info.plist";
				LD_RUNPATH_SEARCH_PATHS = "$(inherited) @executable_path/Frameworks @loader_path/Frameworks";
				PRODUCT_NAME = "$(TARGET_NAME)";
				TEST_HOST = "$(BUILT_PRODUCTS_DIR)/SportsBest test.app/SportsBest test";
			};
			name = Release;
		};
/* End XCBuildConfiguration section */

/* Begin XCConfigurationList section */
		8309A4D81A7C9C440070A39C /* Build configuration list for PBXProject "SportsBest test" */ = {
			isa = XCConfigurationList;
			buildConfigurations = (
				8309A4FA1A7C9C440070A39C /* Debug */,
				8309A4FB1A7C9C440070A39C /* Release */,
			);
			defaultConfigurationIsVisible = 0;
			defaultConfigurationName = Release;
		};
		8309A4FC1A7C9C440070A39C /* Build configuration list for PBXNativeTarget "SportsBest test" */ = {
			isa = XCConfigurationList;
			buildConfigurations = (
				8309A4FD1A7C9C440070A39C /* Debug */,
				8309A4FE1A7C9C440070A39C /* Release */,
			);
			defaultConfigurationIsVisible = 0;
		};
		8309A4FF1A7C9C440070A39C /* Build configuration list for PBXNativeTarget "SportsBest testTests" */ = {
			isa = XCConfigurationList;
			buildConfigurations = (
				8309A5001A7C9C440070A39C /* Debug */,
				8309A5011A7C9C440070A39C /* Release */,
			);
			defaultConfigurationIsVisible = 0;
		};
/* End XCConfigurationList section */
	};
	rootObject = 8309A4D51A7C9C440070A39C /* Project object */;
}
